
Microsoft Visual Studio Solution File, Format Version 12.00
# Visual Studio 15
Project("{FAE04EC0-301F-11D3-BF4B-00C04F79EFBC}") = "PubSubServer", "PubSubServer\PubSubServer.csproj", "{27DB9752-3592-4CDF-994C-E1B75E2B668D}"
EndProject
Project("{FAE04EC0-301F-11D3-BF4B-00C04F79EFBC}") = "Publisher", "Publisher\Publisher.csproj", "{F19D3302-6A0E-46B3-909D-3C80BBC186B4}"
EndProject
Project("{FAE04EC0-301F-11D3-BF4B-00C04F79EFBC}") = "Subscriber", "Subscriber\Subscriber.csproj", "{685B58DA-CEFA-47AD-A427-AB8FD9D61F8F}"
EndProject
Global
	GlobalSection(SolutionConfigurationPlatforms) = preSolution
		Debug|Any CPU = Debug|Any CPU
		Release|Any CPU = Release|Any CPU
	EndGlobalSection
	GlobalSection(ProjectConfigurationPlatforms) = postSolution
		{27DB9752-3592-4CDF-994C-E1B75E2B668D}.Debug|Any CPU.ActiveCfg = Debug|Any CPU
		{27DB9752-3592-4CDF-994C-E1B75E2B668D}.Debug|Any CPU.Build.0 = Debug|Any CPU
		{27DB9752-3592-4CDF-994C-E1B75E2B668D}.Release|Any CPU.ActiveCfg = Release|Any CPU
		{27DB9752-3592-4CDF-994C-E1B75E2B668D}.Release|Any CPU.Build.0 = Release|Any CPU
		{F19D3302-6A0E-46B3-909D-3C80BBC186B4}.Debug|Any CPU.ActiveCfg = Debug|Any CPU
		{F19D3302-6A0E-46B3-909D-3C80BBC186B4}.Debug|Any CPU.Build.0 = Debug|Any CPU
		{F19D3302-6A0E-46B3-909D-3C80BBC186B4}.Release|Any CPU.ActiveCfg = Release|Any CPU
		{F19D3302-6A0E-46B3-909D-3C80BBC186B4}.Release|Any CPU.Build.0 = Release|Any CPU
		{685B58DA-CEFA-47AD-A427-AB8FD9D61F8F}.Debug|Any CPU.ActiveCfg = Debug|Any CPU
		{685B58DA-CEFA-47AD-A427-AB8FD9D61F8F}.Debug|Any CPU.Build.0 = Debug|Any CPU
		{685B58DA-CEFA-47AD-A427-AB8FD9D61F8F}.Release|Any CPU.ActiveCfg = Release|Any CPU
		{685B58DA-CEFA-47AD-A427-AB8FD9D61F8F}.Release|Any CPU.Build.0 = Release|Any CPU
	EndGlobalSection
EndGlobal
