
Microsoft Visual Studio Solution File, Format Version 12.00
# Visual Studio 15
Project("{FAE04EC0-301F-11D3-BF4B-00C04F79EFBC}") = "PubSubServer", "PubSubServer\PubSubServer.csproj", "{27DB9752-3592-4CDF-994C-E1B75E2B668D}"
EndProject
Project("{FAE04EC0-301F-11D3-BF4B-00C04F79EFBC}") = "Publisher", "Publisher\Publisher.csproj", "{F19D3302-6A0E-46B3-909D-3C80BBC186B4}"
EndProject
Project("{FAE04EC0-301F-11D3-BF4B-00C04F79EFBC}") = "Subscriber", "Subscriber\Subscriber.csproj", "{685B58DA-CEFA-47AD-A427-AB8FD9D61F8F}"
EndProject
Project("{FAE04EC0-301F-11D3-BF4B-00C04F79EFBC}") = "State", "State\State.csproj", "{47539AB8-C94C-40FA-8B20-EEDA56FCF9DF}"
EndProject
Project("{FAE04EC0-301F-11D3-BF4B-00C04F79EFBC}") = "Data", "Data\Data.csproj", "{5A302D00-B85D-44E9-B756-3446400CEB6F}"
EndProject
Project("{FAE04EC0-301F-11D3-BF4B-00C04F79EFBC}") = "Database", "Database\Database.csproj", "{E3256255-8668-4380-BE09-3D9A2FE2656F}"
EndProject
Project("{FAE04EC0-301F-11D3-BF4B-00C04F79EFBC}") = "Primitives", "Primitives\Primitives.csproj", "{D6E98955-B88A-49E7-8F75-1FEB2AC15D4D}"
EndProject
Project("{FAE04EC0-301F-11D3-BF4B-00C04F79EFBC}") = "Database.Tools", "Database.Tools\Database.Tools.csproj", "{C804AD65-AA34-4328-9ACD-947EEA0618B6}"
EndProject
Project("{FAE04EC0-301F-11D3-BF4B-00C04F79EFBC}") = "Service", "Service\Service.csproj", "{03C6A07E-CC6E-4017-9288-C1154590D175}"
EndProject
Global
	GlobalSection(SolutionConfigurationPlatforms) = preSolution
		Debug|Any CPU = Debug|Any CPU
		Release|Any CPU = Release|Any CPU
	EndGlobalSection
	GlobalSection(ProjectConfigurationPlatforms) = postSolution
		{27DB9752-3592-4CDF-994C-E1B75E2B668D}.Debug|Any CPU.ActiveCfg = Debug|Any CPU
		{27DB9752-3592-4CDF-994C-E1B75E2B668D}.Debug|Any CPU.Build.0 = Debug|Any CPU
		{27DB9752-3592-4CDF-994C-E1B75E2B668D}.Release|Any CPU.ActiveCfg = Release|Any CPU
		{27DB9752-3592-4CDF-994C-E1B75E2B668D}.Release|Any CPU.Build.0 = Release|Any CPU
		{F19D3302-6A0E-46B3-909D-3C80BBC186B4}.Debug|Any CPU.ActiveCfg = Debug|Any CPU
		{F19D3302-6A0E-46B3-909D-3C80BBC186B4}.Debug|Any CPU.Build.0 = Debug|Any CPU
		{F19D3302-6A0E-46B3-909D-3C80BBC186B4}.Release|Any CPU.ActiveCfg = Release|Any CPU
		{F19D3302-6A0E-46B3-909D-3C80BBC186B4}.Release|Any CPU.Build.0 = Release|Any CPU
		{685B58DA-CEFA-47AD-A427-AB8FD9D61F8F}.Debug|Any CPU.ActiveCfg = Debug|Any CPU
		{685B58DA-CEFA-47AD-A427-AB8FD9D61F8F}.Debug|Any CPU.Build.0 = Debug|Any CPU
		{685B58DA-CEFA-47AD-A427-AB8FD9D61F8F}.Release|Any CPU.ActiveCfg = Release|Any CPU
		{685B58DA-CEFA-47AD-A427-AB8FD9D61F8F}.Release|Any CPU.Build.0 = Release|Any CPU
		{47539AB8-C94C-40FA-8B20-EEDA56FCF9DF}.Debug|Any CPU.ActiveCfg = Debug|Any CPU
		{47539AB8-C94C-40FA-8B20-EEDA56FCF9DF}.Debug|Any CPU.Build.0 = Debug|Any CPU
		{47539AB8-C94C-40FA-8B20-EEDA56FCF9DF}.Release|Any CPU.ActiveCfg = Release|Any CPU
		{47539AB8-C94C-40FA-8B20-EEDA56FCF9DF}.Release|Any CPU.Build.0 = Release|Any CPU
		{5A302D00-B85D-44E9-B756-3446400CEB6F}.Debug|Any CPU.ActiveCfg = Debug|Any CPU
		{5A302D00-B85D-44E9-B756-3446400CEB6F}.Debug|Any CPU.Build.0 = Debug|Any CPU
		{5A302D00-B85D-44E9-B756-3446400CEB6F}.Release|Any CPU.ActiveCfg = Release|Any CPU
		{5A302D00-B85D-44E9-B756-3446400CEB6F}.Release|Any CPU.Build.0 = Release|Any CPU
		{E3256255-8668-4380-BE09-3D9A2FE2656F}.Debug|Any CPU.ActiveCfg = Debug|Any CPU
		{E3256255-8668-4380-BE09-3D9A2FE2656F}.Debug|Any CPU.Build.0 = Debug|Any CPU
		{E3256255-8668-4380-BE09-3D9A2FE2656F}.Release|Any CPU.ActiveCfg = Release|Any CPU
		{E3256255-8668-4380-BE09-3D9A2FE2656F}.Release|Any CPU.Build.0 = Release|Any CPU
		{D6E98955-B88A-49E7-8F75-1FEB2AC15D4D}.Debug|Any CPU.ActiveCfg = Debug|Any CPU
		{D6E98955-B88A-49E7-8F75-1FEB2AC15D4D}.Debug|Any CPU.Build.0 = Debug|Any CPU
		{D6E98955-B88A-49E7-8F75-1FEB2AC15D4D}.Release|Any CPU.ActiveCfg = Release|Any CPU
		{D6E98955-B88A-49E7-8F75-1FEB2AC15D4D}.Release|Any CPU.Build.0 = Release|Any CPU
		{C804AD65-AA34-4328-9ACD-947EEA0618B6}.Debug|Any CPU.ActiveCfg = Debug|Any CPU
		{C804AD65-AA34-4328-9ACD-947EEA0618B6}.Debug|Any CPU.Build.0 = Debug|Any CPU
		{C804AD65-AA34-4328-9ACD-947EEA0618B6}.Release|Any CPU.ActiveCfg = Release|Any CPU
		{C804AD65-AA34-4328-9ACD-947EEA0618B6}.Release|Any CPU.Build.0 = Release|Any CPU
		{03C6A07E-CC6E-4017-9288-C1154590D175}.Debug|Any CPU.ActiveCfg = Debug|Any CPU
		{03C6A07E-CC6E-4017-9288-C1154590D175}.Debug|Any CPU.Build.0 = Debug|Any CPU
		{03C6A07E-CC6E-4017-9288-C1154590D175}.Release|Any CPU.ActiveCfg = Release|Any CPU
		{03C6A07E-CC6E-4017-9288-C1154590D175}.Release|Any CPU.Build.0 = Release|Any CPU
	EndGlobalSection
EndGlobal
